uuid: 881845dd-1653-4dbb-949d-229885b19eb1
langcode: es
status: true
dependencies:
  module:
    - calamari_config
    - system
  theme:
    - seven
id: seven_searchpathblock
theme: seven
region: header
weight: -5
provider: null
plugin: search_path_block
settings:
  id: search_path_block
  label: 'Search path block'
  label_display: '0'
  provider: calamari_config
visibility:
  request_path:
    id: request_path
    negate: false
    context_mapping: {  }
    pages: /documentos
